
Microsoft Visual Studio Solution File, Format Version 12.00
# Visual Studio Version 17
VisualStudioVersion = 17.4.33205.214
MinimumVisualStudioVersion = 10.0.40219.1
Project("{FAE04EC0-301F-11D3-BF4B-00C04F79EFBC}") = "CSharpBasic", "CSharpBasic\CSharpBasic.csproj", "{6D1F938D-8EAE-4049-B4FA-7AD614BD5607}"
EndProject
Project("{FAE04EC0-301F-11D3-BF4B-00C04F79EFBC}") = "KhaiBaoBien", "KhaiBaoBien\KhaiBaoBien.csproj", "{4F141AC2-F00C-4D69-BDD8-3675B54A8A17}"
EndProject
Project("{FAE04EC0-301F-11D3-BF4B-00C04F79EFBC}") = "TinhDienTich", "TinhDienTich\TinhDienTich.csproj", "{A7454D81-82BE-46F3-80B2-9EA31C555B93}"
EndProject
Project("{FAE04EC0-301F-11D3-BF4B-00C04F79EFBC}") = "TinhTongKhoiLuongThep", "TinhTongKhoiLuongThep\TinhTongKhoiLuongThep.csproj", "{8CE44041-424E-4A9D-9604-066F71BB2A6B}"
EndProject
Project("{FAE04EC0-301F-11D3-BF4B-00C04F79EFBC}") = "ThongTinDuAn", "ThongTinDuAn\ThongTinDuAn.csproj", "{51B8221E-05BB-4E0D-8BDE-0AF0DE226254}"
EndProject
Project("{2150E333-8FDC-42A3-9474-1A3956D46DE8}") = "Buoi 2", "Buoi 2", "{4BBF03AA-CDE3-46FC-AAB2-B0A6E562626E}"
EndProject
Project("{FAE04EC0-301F-11D3-BF4B-00C04F79EFBC}") = "KiemTraChieuDaiDam", "KiemTraChieuDaiDam\KiemTraChieuDaiDam.csproj", "{E0EAE761-3578-4F5C-8779-AA23D4196D9C}"
EndProject
Project("{FAE04EC0-301F-11D3-BF4B-00C04F79EFBC}") = "InSoHieuThanh", "InSoHieuThanh\InSoHieuThanh.csproj", "{3AFC9D3D-15AF-4FDD-AB0D-C790F54B33EB}"
EndProject
Project("{FAE04EC0-301F-11D3-BF4B-00C04F79EFBC}") = "TongChieuDaiTheoDieuKien", "TongChieuDaiTheoDieuKien\TongChieuDaiTheoDieuKien.csproj", "{EF07FB17-4D9D-46A1-B760-5F6A2B4AE08B}"
EndProject
Project("{2150E333-8FDC-42A3-9474-1A3956D46DE8}") = "Buoi 1", "Buoi 1", "{AFB61320-CB0F-46B9-A163-2E4810E78AF9}"
EndProject
Project("{FAE04EC0-301F-11D3-BF4B-00C04F79EFBC}") = "BaiTap5", "BaiTap5\BaiTap5.csproj", "{D729E1E7-A869-4677-8970-DF44A9F92ECD}"
EndProject
Project("{2150E333-8FDC-42A3-9474-1A3956D46DE8}") = "Buoi 3", "Buoi 3", "{8F85A69A-9800-4E3A-945D-38B4223B6D41}"
EndProject
Project("{FAE04EC0-301F-11D3-BF4B-00C04F79EFBC}") = "Method", "Method\Method.csproj", "{3652046D-0D51-4B07-A95D-CBD5EA21EF16}"
EndProject
Project("{FAE04EC0-301F-11D3-BF4B-00C04F79EFBC}") = "List", "List\List.csproj", "{849A76AA-85D1-4526-9BFE-88F38CAAC0ED}"
EndProject
Project("{FAE04EC0-301F-11D3-BF4B-00C04F79EFBC}") = "KiemTraChieuDai", "KiemTraChieuDai\KiemTraChieuDai.csproj", "{CB4CBD60-76A2-47CA-AA2C-A8F4611A8603}"
EndProject
Project("{2150E333-8FDC-42A3-9474-1A3956D46DE8}") = "Buoi 5", "Buoi 5", "{951CDCE5-3AB9-4EE2-B105-4A83F616A4AE}"
EndProject
Project("{FAE04EC0-301F-11D3-BF4B-00C04F79EFBC}") = "BeamClass", "BeamClass\BeamClass.csproj", "{5A1ED7F5-3A1D-4437-8AAE-63F4A08EDE24}"
EndProject
Project("{2150E333-8FDC-42A3-9474-1A3956D46DE8}") = "Buoi 6 - Create Beam", "Buoi 6 - Create Beam", "{75ADF170-EE47-47F2-ADB3-E747687DA6E5}"
EndProject
Project("{FAE04EC0-301F-11D3-BF4B-00C04F79EFBC}") = "CreateBeam", "CreateBeam\CreateBeam.csproj", "{63F3AC76-88A8-4573-8CAE-ED8A55635D09}"
EndProject
Project("{2150E333-8FDC-42A3-9474-1A3956D46DE8}") = "Buoi 7 - Winform", "Buoi 7 - Winform", "{9486DC29-7137-44C6-80D9-EE26C405FC43}"
EndProject
Project("{FAE04EC0-301F-11D3-BF4B-00C04F79EFBC}") = "TaoKhung", "TaoKhung\TaoKhung.csproj", "{2AC107C1-669F-4B3E-8DCA-4ADB8E085F12}"
EndProject
Project("{2150E333-8FDC-42A3-9474-1A3956D46DE8}") = "Buoi 8 - Picker", "Buoi 8 - Picker", "{EA692DD1-4E2C-4C50-BE61-86F0E56478CE}"
EndProject
Project("{FAE04EC0-301F-11D3-BF4B-00C04F79EFBC}") = "CreateBeamPicker", "CreateBeamPicker\CreateBeamPicker.csproj", "{67462928-2843-4783-BB33-32A576C2FA58}"
EndProject
Project("{2150E333-8FDC-42A3-9474-1A3956D46DE8}") = "Buoi 9", "Buoi 9", "{1D6987FC-89D2-4274-ACFD-A7AEFF522B42}"
EndProject
Project("{FAE04EC0-301F-11D3-BF4B-00C04F79EFBC}") = "MyApp", "MyApp\MyApp.csproj", "{3C779A70-8099-436D-8B9A-54F77B8E179C}"
EndProject
Global
	GlobalSection(SolutionConfigurationPlatforms) = preSolution
		Debug|Any CPU = Debug|Any CPU
		Release|Any CPU = Release|Any CPU
	EndGlobalSection
	GlobalSection(ProjectConfigurationPlatforms) = postSolution
		{6D1F938D-8EAE-4049-B4FA-7AD614BD5607}.Debug|Any CPU.ActiveCfg = Debug|Any CPU
		{6D1F938D-8EAE-4049-B4FA-7AD614BD5607}.Debug|Any CPU.Build.0 = Debug|Any CPU
		{6D1F938D-8EAE-4049-B4FA-7AD614BD5607}.Release|Any CPU.ActiveCfg = Release|Any CPU
		{6D1F938D-8EAE-4049-B4FA-7AD614BD5607}.Release|Any CPU.Build.0 = Release|Any CPU
		{4F141AC2-F00C-4D69-BDD8-3675B54A8A17}.Debug|Any CPU.ActiveCfg = Debug|Any CPU
		{4F141AC2-F00C-4D69-BDD8-3675B54A8A17}.Debug|Any CPU.Build.0 = Debug|Any CPU
		{4F141AC2-F00C-4D69-BDD8-3675B54A8A17}.Release|Any CPU.ActiveCfg = Release|Any CPU
		{4F141AC2-F00C-4D69-BDD8-3675B54A8A17}.Release|Any CPU.Build.0 = Release|Any CPU
		{A7454D81-82BE-46F3-80B2-9EA31C555B93}.Debug|Any CPU.ActiveCfg = Debug|Any CPU
		{A7454D81-82BE-46F3-80B2-9EA31C555B93}.Debug|Any CPU.Build.0 = Debug|Any CPU
		{A7454D81-82BE-46F3-80B2-9EA31C555B93}.Release|Any CPU.ActiveCfg = Release|Any CPU
		{A7454D81-82BE-46F3-80B2-9EA31C555B93}.Release|Any CPU.Build.0 = Release|Any CPU
		{8CE44041-424E-4A9D-9604-066F71BB2A6B}.Debug|Any CPU.ActiveCfg = Debug|Any CPU
		{8CE44041-424E-4A9D-9604-066F71BB2A6B}.Debug|Any CPU.Build.0 = Debug|Any CPU
		{8CE44041-424E-4A9D-9604-066F71BB2A6B}.Release|Any CPU.ActiveCfg = Release|Any CPU
		{8CE44041-424E-4A9D-9604-066F71BB2A6B}.Release|Any CPU.Build.0 = Release|Any CPU
		{51B8221E-05BB-4E0D-8BDE-0AF0DE226254}.Debug|Any CPU.ActiveCfg = Debug|Any CPU
		{51B8221E-05BB-4E0D-8BDE-0AF0DE226254}.Debug|Any CPU.Build.0 = Debug|Any CPU
		{51B8221E-05BB-4E0D-8BDE-0AF0DE226254}.Release|Any CPU.ActiveCfg = Release|Any CPU
		{51B8221E-05BB-4E0D-8BDE-0AF0DE226254}.Release|Any CPU.Build.0 = Release|Any CPU
		{E0EAE761-3578-4F5C-8779-AA23D4196D9C}.Debug|Any CPU.ActiveCfg = Debug|Any CPU
		{E0EAE761-3578-4F5C-8779-AA23D4196D9C}.Debug|Any CPU.Build.0 = Debug|Any CPU
		{E0EAE761-3578-4F5C-8779-AA23D4196D9C}.Release|Any CPU.ActiveCfg = Release|Any CPU
		{E0EAE761-3578-4F5C-8779-AA23D4196D9C}.Release|Any CPU.Build.0 = Release|Any CPU
		{3AFC9D3D-15AF-4FDD-AB0D-C790F54B33EB}.Debug|Any CPU.ActiveCfg = Debug|Any CPU
		{3AFC9D3D-15AF-4FDD-AB0D-C790F54B33EB}.Debug|Any CPU.Build.0 = Debug|Any CPU
		{3AFC9D3D-15AF-4FDD-AB0D-C790F54B33EB}.Release|Any CPU.ActiveCfg = Release|Any CPU
		{3AFC9D3D-15AF-4FDD-AB0D-C790F54B33EB}.Release|Any CPU.Build.0 = Release|Any CPU
		{EF07FB17-4D9D-46A1-B760-5F6A2B4AE08B}.Debug|Any CPU.ActiveCfg = Debug|Any CPU
		{EF07FB17-4D9D-46A1-B760-5F6A2B4AE08B}.Debug|Any CPU.Build.0 = Debug|Any CPU
		{EF07FB17-4D9D-46A1-B760-5F6A2B4AE08B}.Release|Any CPU.ActiveCfg = Release|Any CPU
		{EF07FB17-4D9D-46A1-B760-5F6A2B4AE08B}.Release|Any CPU.Build.0 = Release|Any CPU
		{D729E1E7-A869-4677-8970-DF44A9F92ECD}.Debug|Any CPU.ActiveCfg = Debug|Any CPU
		{D729E1E7-A869-4677-8970-DF44A9F92ECD}.Debug|Any CPU.Build.0 = Debug|Any CPU
		{D729E1E7-A869-4677-8970-DF44A9F92ECD}.Release|Any CPU.ActiveCfg = Release|Any CPU
		{D729E1E7-A869-4677-8970-DF44A9F92ECD}.Release|Any CPU.Build.0 = Release|Any CPU
		{3652046D-0D51-4B07-A95D-CBD5EA21EF16}.Debug|Any CPU.ActiveCfg = Debug|Any CPU
		{3652046D-0D51-4B07-A95D-CBD5EA21EF16}.Debug|Any CPU.Build.0 = Debug|Any CPU
		{3652046D-0D51-4B07-A95D-CBD5EA21EF16}.Release|Any CPU.ActiveCfg = Release|Any CPU
		{3652046D-0D51-4B07-A95D-CBD5EA21EF16}.Release|Any CPU.Build.0 = Release|Any CPU
		{849A76AA-85D1-4526-9BFE-88F38CAAC0ED}.Debug|Any CPU.ActiveCfg = Debug|Any CPU
		{849A76AA-85D1-4526-9BFE-88F38CAAC0ED}.Debug|Any CPU.Build.0 = Debug|Any CPU
		{849A76AA-85D1-4526-9BFE-88F38CAAC0ED}.Release|Any CPU.ActiveCfg = Release|Any CPU
		{849A76AA-85D1-4526-9BFE-88F38CAAC0ED}.Release|Any CPU.Build.0 = Release|Any CPU
		{CB4CBD60-76A2-47CA-AA2C-A8F4611A8603}.Debug|Any CPU.ActiveCfg = Debug|Any CPU
		{CB4CBD60-76A2-47CA-AA2C-A8F4611A8603}.Debug|Any CPU.Build.0 = Debug|Any CPU
		{CB4CBD60-76A2-47CA-AA2C-A8F4611A8603}.Release|Any CPU.ActiveCfg = Release|Any CPU
		{CB4CBD60-76A2-47CA-AA2C-A8F4611A8603}.Release|Any CPU.Build.0 = Release|Any CPU
		{5A1ED7F5-3A1D-4437-8AAE-63F4A08EDE24}.Debug|Any CPU.ActiveCfg = Debug|Any CPU
		{5A1ED7F5-3A1D-4437-8AAE-63F4A08EDE24}.Debug|Any CPU.Build.0 = Debug|Any CPU
		{5A1ED7F5-3A1D-4437-8AAE-63F4A08EDE24}.Release|Any CPU.ActiveCfg = Release|Any CPU
		{5A1ED7F5-3A1D-4437-8AAE-63F4A08EDE24}.Release|Any CPU.Build.0 = Release|Any CPU
		{63F3AC76-88A8-4573-8CAE-ED8A55635D09}.Debug|Any CPU.ActiveCfg = Debug|Any CPU
		{63F3AC76-88A8-4573-8CAE-ED8A55635D09}.Debug|Any CPU.Build.0 = Debug|Any CPU
		{63F3AC76-88A8-4573-8CAE-ED8A55635D09}.Release|Any CPU.ActiveCfg = Release|Any CPU
		{63F3AC76-88A8-4573-8CAE-ED8A55635D09}.Release|Any CPU.Build.0 = Release|Any CPU
		{2AC107C1-669F-4B3E-8DCA-4ADB8E085F12}.Debug|Any CPU.ActiveCfg = Debug|Any CPU
		{2AC107C1-669F-4B3E-8DCA-4ADB8E085F12}.Debug|Any CPU.Build.0 = Debug|Any CPU
		{2AC107C1-669F-4B3E-8DCA-4ADB8E085F12}.Release|Any CPU.ActiveCfg = Release|Any CPU
		{2AC107C1-669F-4B3E-8DCA-4ADB8E085F12}.Release|Any CPU.Build.0 = Release|Any CPU
		{67462928-2843-4783-BB33-32A576C2FA58}.Debug|Any CPU.ActiveCfg = Debug|Any CPU
		{67462928-2843-4783-BB33-32A576C2FA58}.Debug|Any CPU.Build.0 = Debug|Any CPU
		{67462928-2843-4783-BB33-32A576C2FA58}.Release|Any CPU.ActiveCfg = Release|Any CPU
		{67462928-2843-4783-BB33-32A576C2FA58}.Release|Any CPU.Build.0 = Release|Any CPU
		{3C779A70-8099-436D-8B9A-54F77B8E179C}.Debug|Any CPU.ActiveCfg = Debug|Any CPU
		{3C779A70-8099-436D-8B9A-54F77B8E179C}.Debug|Any CPU.Build.0 = Debug|Any CPU
		{3C779A70-8099-436D-8B9A-54F77B8E179C}.Release|Any CPU.ActiveCfg = Release|Any CPU
		{3C779A70-8099-436D-8B9A-54F77B8E179C}.Release|Any CPU.Build.0 = Release|Any CPU
	EndGlobalSection
	GlobalSection(SolutionProperties) = preSolution
		HideSolutionNode = FALSE
	EndGlobalSection
	GlobalSection(NestedProjects) = preSolution
		{6D1F938D-8EAE-4049-B4FA-7AD614BD5607} = {AFB61320-CB0F-46B9-A163-2E4810E78AF9}
		{4F141AC2-F00C-4D69-BDD8-3675B54A8A17} = {AFB61320-CB0F-46B9-A163-2E4810E78AF9}
		{A7454D81-82BE-46F3-80B2-9EA31C555B93} = {AFB61320-CB0F-46B9-A163-2E4810E78AF9}
		{8CE44041-424E-4A9D-9604-066F71BB2A6B} = {AFB61320-CB0F-46B9-A163-2E4810E78AF9}
		{51B8221E-05BB-4E0D-8BDE-0AF0DE226254} = {4BBF03AA-CDE3-46FC-AAB2-B0A6E562626E}
		{E0EAE761-3578-4F5C-8779-AA23D4196D9C} = {4BBF03AA-CDE3-46FC-AAB2-B0A6E562626E}
		{3AFC9D3D-15AF-4FDD-AB0D-C790F54B33EB} = {4BBF03AA-CDE3-46FC-AAB2-B0A6E562626E}
		{EF07FB17-4D9D-46A1-B760-5F6A2B4AE08B} = {4BBF03AA-CDE3-46FC-AAB2-B0A6E562626E}
		{D729E1E7-A869-4677-8970-DF44A9F92ECD} = {4BBF03AA-CDE3-46FC-AAB2-B0A6E562626E}
		{3652046D-0D51-4B07-A95D-CBD5EA21EF16} = {8F85A69A-9800-4E3A-945D-38B4223B6D41}
		{849A76AA-85D1-4526-9BFE-88F38CAAC0ED} = {8F85A69A-9800-4E3A-945D-38B4223B6D41}
		{CB4CBD60-76A2-47CA-AA2C-A8F4611A8603} = {8F85A69A-9800-4E3A-945D-38B4223B6D41}
		{5A1ED7F5-3A1D-4437-8AAE-63F4A08EDE24} = {951CDCE5-3AB9-4EE2-B105-4A83F616A4AE}
		{63F3AC76-88A8-4573-8CAE-ED8A55635D09} = {75ADF170-EE47-47F2-ADB3-E747687DA6E5}
		{2AC107C1-669F-4B3E-8DCA-4ADB8E085F12} = {9486DC29-7137-44C6-80D9-EE26C405FC43}
		{67462928-2843-4783-BB33-32A576C2FA58} = {EA692DD1-4E2C-4C50-BE61-86F0E56478CE}
		{3C779A70-8099-436D-8B9A-54F77B8E179C} = {1D6987FC-89D2-4274-ACFD-A7AEFF522B42}
	EndGlobalSection
	GlobalSection(ExtensibilityGlobals) = postSolution
		SolutionGuid = {9BE179ED-9569-45FB-8027-DB5555729C21}
	EndGlobalSection
EndGlobal
